
Microsoft Visual Studio Solution File, Format Version 12.00
# Visual Studio Version 16
VisualStudioVersion = 16.0.31005.135
MinimumVisualStudioVersion = 10.0.40219.1
Project("{FAE04EC0-301F-11D3-BF4B-00C04F79EFBC}") = "KeyWordCounter", "KeyWordCounter.csproj", "{3BB017E6-5E70-4AE1-A173-0CC84954B5CC}"
EndProject
Global
	GlobalSection(SolutionConfigurationPlatforms) = preSolution
		Debug|Any CPU = Debug|Any CPU
		Release|Any CPU = Release|Any CPU
	EndGlobalSection
	GlobalSection(ProjectConfigurationPlatforms) = postSolution
		{3BB017E6-5E70-4AE1-A173-0CC84954B5CC}.Debug|Any CPU.ActiveCfg = Debug|Any CPU
		{3BB017E6-5E70-4AE1-A173-0CC84954B5CC}.Debug|Any CPU.Build.0 = Debug|Any CPU
		{3BB017E6-5E70-4AE1-A173-0CC84954B5CC}.Release|Any CPU.ActiveCfg = Release|Any CPU
		{3BB017E6-5E70-4AE1-A173-0CC84954B5CC}.Release|Any CPU.Build.0 = Release|Any CPU
	EndGlobalSection
	GlobalSection(SolutionProperties) = preSolution
		HideSolutionNode = FALSE
	EndGlobalSection
	GlobalSection(ExtensibilityGlobals) = postSolution
		SolutionGuid = {F343C884-1F25-4B3B-9AD8-DA64DA542CB8}
	EndGlobalSection
EndGlobal
