
Microsoft Visual Studio Solution File, Format Version 12.00
# Visual Studio Version 17
VisualStudioVersion = 17.2.32616.157
MinimumVisualStudioVersion = 10.0.40219.1
Project("{FAE04EC0-301F-11D3-BF4B-00C04F79EFBC}") = "KeyWordCounterApp", "KeyWordCounterApp\KeyWordCounterApp.csproj", "{209C93A0-4D1F-4492-913B-84412CC5370B}"
EndProject
Global
	GlobalSection(SolutionConfigurationPlatforms) = preSolution
		Debug|Any CPU = Debug|Any CPU
		Release|Any CPU = Release|Any CPU
	EndGlobalSection
	GlobalSection(ProjectConfigurationPlatforms) = postSolution
		{209C93A0-4D1F-4492-913B-84412CC5370B}.Debug|Any CPU.ActiveCfg = Debug|Any CPU
		{209C93A0-4D1F-4492-913B-84412CC5370B}.Debug|Any CPU.Build.0 = Debug|Any CPU
		{209C93A0-4D1F-4492-913B-84412CC5370B}.Release|Any CPU.ActiveCfg = Release|Any CPU
		{209C93A0-4D1F-4492-913B-84412CC5370B}.Release|Any CPU.Build.0 = Release|Any CPU
	EndGlobalSection
	GlobalSection(SolutionProperties) = preSolution
		HideSolutionNode = FALSE
	EndGlobalSection
	GlobalSection(ExtensibilityGlobals) = postSolution
		SolutionGuid = {FDBA9F2A-3C9F-4CEF-8D7A-D7B4A9ED3396}
	EndGlobalSection
EndGlobal
